// !$*UTF8*$!
{
	archiveVersion = 1;
	classes = {
	};
	objectVersion = 55;
	objects = {

/* Begin PBXBuildFile section */
		CF64D6802827F9C000C48620 /* AppDelegate.swift in Sources */ = {isa = PBXBuildFile; fileRef = CF64D67F2827F9C000C48620 /* AppDelegate.swift */; };
		CF64D6822827F9C000C48620 /* SceneDelegate.swift in Sources */ = {isa = PBXBuildFile; fileRef = CF64D6812827F9C000C48620 /* SceneDelegate.swift */; };
		CF64D6842827F9C000C48620 /* ViewController.swift in Sources */ = {isa = PBXBuildFile; fileRef = CF64D6832827F9C000C48620 /* ViewController.swift */; };
		CF64D6872827F9C000C48620 /* Main.storyboard in Resources */ = {isa = PBXBuildFile; fileRef = CF64D6852827F9C000C48620 /* Main.storyboard */; };
		CF64D6892827F9C100C48620 /* Assets.xcassets in Resources */ = {isa = PBXBuildFile; fileRef = CF64D6882827F9C100C48620 /* Assets.xcassets */; };
		CF64D68C2827F9C100C48620 /* LaunchScreen.storyboard in Resources */ = {isa = PBXBuildFile; fileRef = CF64D68A2827F9C100C48620 /* LaunchScreen.storyboard */; };
		CF64D6972827F9C100C48620 /* PracticeApp1Tests.swift in Sources */ = {isa = PBXBuildFile; fileRef = CF64D6962827F9C100C48620 /* PracticeApp1Tests.swift */; };
		CF64D6A12827F9C100C48620 /* PracticeApp1UITests.swift in Sources */ = {isa = PBXBuildFile; fileRef = CF64D6A02827F9C100C48620 /* PracticeApp1UITests.swift */; };
		CF64D6A32827F9C100C48620 /* PracticeApp1UITestsLaunchTests.swift in Sources */ = {isa = PBXBuildFile; fileRef = CF64D6A22827F9C100C48620 /* PracticeApp1UITestsLaunchTests.swift */; };
		CF64D6B0282959A000C48620 /* QuizViewController.swift in Sources */ = {isa = PBXBuildFile; fileRef = CF64D6AF282959A000C48620 /* QuizViewController.swift */; };
		CF64D6B228295A5D00C48620 /* ScoreViewController.swift in Sources */ = {isa = PBXBuildFile; fileRef = CF64D6B128295A5D00C48620 /* ScoreViewController.swift */; };
		CF64D6B428295E5A00C48620 /* quiz1.csv in Resources */ = {isa = PBXBuildFile; fileRef = CF64D6B328295E5A00C48620 /* quiz1.csv */; };
		CF64D6B8282AB18B00C48620 /* correct.png in Resources */ = {isa = PBXBuildFile; fileRef = CF64D6B6282AB18A00C48620 /* correct.png */; };
		CF64D6B9282AB18B00C48620 /* incorrect.png in Resources */ = {isa = PBXBuildFile; fileRef = CF64D6B7282AB18A00C48620 /* incorrect.png */; };
		CF64D6BB2830E53B00C48620 /* SelectLevelViewController.swift in Sources */ = {isa = PBXBuildFile; fileRef = CF64D6BA2830E53B00C48620 /* SelectLevelViewController.swift */; };
		CF64D6BD2830EC5600C48620 /* quiz2.csv in Resources */ = {isa = PBXBuildFile; fileRef = CF64D6BC2830EC5600C48620 /* quiz2.csv */; };
		CF64D6BF2830EC8C00C48620 /* quiz3.csv in Resources */ = {isa = PBXBuildFile; fileRef = CF64D6BE2830EC8C00C48620 /* quiz3.csv */; };
		CF64D6C228313AE600C48620 /* launchImageView.png in Resources */ = {isa = PBXBuildFile; fileRef = CF64D6C128313AE600C48620 /* launchImageView.png */; };
/* End PBXBuildFile section */

/* Begin PBXContainerItemProxy section */
		CF64D6932827F9C100C48620 /* PBXContainerItemProxy */ = {
			isa = PBXContainerItemProxy;
			containerPortal = CF64D6742827F9C000C48620 /* Project object */;
			proxyType = 1;
			remoteGlobalIDString = CF64D67B2827F9C000C48620;
			remoteInfo = PracticeApp1;
		};
		CF64D69D2827F9C100C48620 /* PBXContainerItemProxy */ = {
			isa = PBXContainerItemProxy;
			containerPortal = CF64D6742827F9C000C48620 /* Project object */;
			proxyType = 1;
			remoteGlobalIDString = CF64D67B2827F9C000C48620;
			remoteInfo = PracticeApp1;
		};
/* End PBXContainerItemProxy section */

/* Begin PBXFileReference section */
		CF64D67C2827F9C000C48620 /* PracticeApp1.app */ = {isa = PBXFileReference; explicitFileType = wrapper.application; includeInIndex = 0; path = PracticeApp1.app; sourceTree = BUILT_PRODUCTS_DIR; };
		CF64D67F2827F9C000C48620 /* AppDelegate.swift */ = {isa = PBXFileReference; lastKnownFileType = sourcecode.swift; path = AppDelegate.swift; sourceTree = "<group>"; };
		CF64D6812827F9C000C48620 /* SceneDelegate.swift */ = {isa = PBXFileReference; lastKnownFileType = sourcecode.swift; path = SceneDelegate.swift; sourceTree = "<group>"; };
		CF64D6832827F9C000C48620 /* ViewController.swift */ = {isa = PBXFileReference; lastKnownFileType = sourcecode.swift; path = ViewController.swift; sourceTree = "<group>"; };
		CF64D6862827F9C000C48620 /* Base */ = {isa = PBXFileReference; lastKnownFileType = file.storyboard; name = Base; path = Base.lproj/Main.storyboard; sourceTree = "<group>"; };
		CF64D6882827F9C100C48620 /* Assets.xcassets */ = {isa = PBXFileReference; lastKnownFileType = folder.assetcatalog; path = Assets.xcassets; sourceTree = "<group>"; };
		CF64D68B2827F9C100C48620 /* Base */ = {isa = PBXFileReference; lastKnownFileType = file.storyboard; name = Base; path = Base.lproj/LaunchScreen.storyboard; sourceTree = "<group>"; };
		CF64D68D2827F9C100C48620 /* Info.plist */ = {isa = PBXFileReference; lastKnownFileType = text.plist.xml; path = Info.plist; sourceTree = "<group>"; };
		CF64D6922827F9C100C48620 /* PracticeApp1Tests.xctest */ = {isa = PBXFileReference; explicitFileType = wrapper.cfbundle; includeInIndex = 0; path = PracticeApp1Tests.xctest; sourceTree = BUILT_PRODUCTS_DIR; };
		CF64D6962827F9C100C48620 /* PracticeApp1Tests.swift */ = {isa = PBXFileReference; lastKnownFileType = sourcecode.swift; path = PracticeApp1Tests.swift; sourceTree = "<group>"; };
		CF64D69C2827F9C100C48620 /* PracticeApp1UITests.xctest */ = {isa = PBXFileReference; explicitFileType = wrapper.cfbundle; includeInIndex = 0; path = PracticeApp1UITests.xctest; sourceTree = BUILT_PRODUCTS_DIR; };
		CF64D6A02827F9C100C48620 /* PracticeApp1UITests.swift */ = {isa = PBXFileReference; lastKnownFileType = sourcecode.swift; path = PracticeApp1UITests.swift; sourceTree = "<group>"; };
		CF64D6A22827F9C100C48620 /* PracticeApp1UITestsLaunchTests.swift */ = {isa = PBXFileReference; lastKnownFileType = sourcecode.swift; path = PracticeApp1UITestsLaunchTests.swift; sourceTree = "<group>"; };
		CF64D6AF282959A000C48620 /* QuizViewController.swift */ = {isa = PBXFileReference; lastKnownFileType = sourcecode.swift; path = QuizViewController.swift; sourceTree = "<group>"; };
		CF64D6B128295A5D00C48620 /* ScoreViewController.swift */ = {isa = PBXFileReference; lastKnownFileType = sourcecode.swift; path = ScoreViewController.swift; sourceTree = "<group>"; };
		CF64D6B328295E5A00C48620 /* quiz1.csv */ = {isa = PBXFileReference; lastKnownFileType = text; path = quiz1.csv; sourceTree = "<group>"; };
		CF64D6B6282AB18A00C48620 /* correct.png */ = {isa = PBXFileReference; lastKnownFileType = image.png; path = correct.png; sourceTree = "<group>"; };
		CF64D6B7282AB18A00C48620 /* incorrect.png */ = {isa = PBXFileReference; lastKnownFileType = image.png; path = incorrect.png; sourceTree = "<group>"; };
		CF64D6BA2830E53B00C48620 /* SelectLevelViewController.swift */ = {isa = PBXFileReference; lastKnownFileType = sourcecode.swift; path = SelectLevelViewController.swift; sourceTree = "<group>"; };
		CF64D6BC2830EC5600C48620 /* quiz2.csv */ = {isa = PBXFileReference; lastKnownFileType = text; path = quiz2.csv; sourceTree = "<group>"; };
		CF64D6BE2830EC8C00C48620 /* quiz3.csv */ = {isa = PBXFileReference; lastKnownFileType = text; path = quiz3.csv; sourceTree = "<group>"; };
		CF64D6C128313AE600C48620 /* launchImageView.png */ = {isa = PBXFileReference; lastKnownFileType = image.png; path = launchImageView.png; sourceTree = "<group>"; };
/* End PBXFileReference section */

/* Begin PBXFrameworksBuildPhase section */
		CF64D6792827F9C000C48620 /* Frameworks */ = {
			isa = PBXFrameworksBuildPhase;
			buildActionMask = 2147483647;
			files = (
			);
			runOnlyForDeploymentPostprocessing = 0;
		};
		CF64D68F2827F9C100C48620 /* Frameworks */ = {
			isa = PBXFrameworksBuildPhase;
			buildActionMask = 2147483647;
			files = (
			);
			runOnlyForDeploymentPostprocessing = 0;
		};
		CF64D6992827F9C100C48620 /* Frameworks */ = {
			isa = PBXFrameworksBuildPhase;
			buildActionMask = 2147483647;
			files = (
			);
			runOnlyForDeploymentPostprocessing = 0;
		};
/* End PBXFrameworksBuildPhase section */

/* Begin PBXGroup section */
		CF64D6732827F9C000C48620 = {
			isa = PBXGroup;
			children = (
				CF64D67E2827F9C000C48620 /* PracticeApp1 */,
				CF64D6952827F9C100C48620 /* PracticeApp1Tests */,
				CF64D69F2827F9C100C48620 /* PracticeApp1UITests */,
				CF64D67D2827F9C000C48620 /* Products */,
			);
			sourceTree = "<group>";
		};
		CF64D67D2827F9C000C48620 /* Products */ = {
			isa = PBXGroup;
			children = (
				CF64D67C2827F9C000C48620 /* PracticeApp1.app */,
				CF64D6922827F9C100C48620 /* PracticeApp1Tests.xctest */,
				CF64D69C2827F9C100C48620 /* PracticeApp1UITests.xctest */,
			);
			name = Products;
			sourceTree = "<group>";
		};
		CF64D67E2827F9C000C48620 /* PracticeApp1 */ = {
			isa = PBXGroup;
			children = (
				CF64D67F2827F9C000C48620 /* AppDelegate.swift */,
				CF64D6812827F9C000C48620 /* SceneDelegate.swift */,
				CF64D6832827F9C000C48620 /* ViewController.swift */,
				CF64D6852827F9C000C48620 /* Main.storyboard */,
				CF64D6BA2830E53B00C48620 /* SelectLevelViewController.swift */,
				CF64D6B328295E5A00C48620 /* quiz1.csv */,
				CF64D6B5282AB18A00C48620 /* image */,
				CF64D6B128295A5D00C48620 /* ScoreViewController.swift */,
				CF64D6AF282959A000C48620 /* QuizViewController.swift */,
				CF64D6BC2830EC5600C48620 /* quiz2.csv */,
				CF64D6BE2830EC8C00C48620 /* quiz3.csv */,
				CF64D6882827F9C100C48620 /* Assets.xcassets */,
				CF64D68A2827F9C100C48620 /* LaunchScreen.storyboard */,
				CF64D68D2827F9C100C48620 /* Info.plist */,
				CF64D6C028313AE600C48620 /* launchImage */,
			);
			path = PracticeApp1;
			sourceTree = "<group>";
		};
		CF64D6952827F9C100C48620 /* PracticeApp1Tests */ = {
			isa = PBXGroup;
			children = (
				CF64D6962827F9C100C48620 /* PracticeApp1Tests.swift */,
			);
			path = PracticeApp1Tests;
			sourceTree = "<group>";
		};
		CF64D69F2827F9C100C48620 /* PracticeApp1UITests */ = {
			isa = PBXGroup;
			children = (
				CF64D6A02827F9C100C48620 /* PracticeApp1UITests.swift */,
				CF64D6A22827F9C100C48620 /* PracticeApp1UITestsLaunchTests.swift */,
			);
			path = PracticeApp1UITests;
			sourceTree = "<group>";
		};
		CF64D6B5282AB18A00C48620 /* image */ = {
			isa = PBXGroup;
			children = (
				CF64D6B6282AB18A00C48620 /* correct.png */,
				CF64D6B7282AB18A00C48620 /* incorrect.png */,
			);
			path = image;
			sourceTree = "<group>";
		};
		CF64D6C028313AE600C48620 /* launchImage */ = {
			isa = PBXGroup;
			children = (
				CF64D6C128313AE600C48620 /* launchImageView.png */,
			);
			path = launchImage;
			sourceTree = "<group>";
		};
/* End PBXGroup section */

/* Begin PBXNativeTarget section */
		CF64D67B2827F9C000C48620 /* PracticeApp1 */ = {
			isa = PBXNativeTarget;
			buildConfigurationList = CF64D6A62827F9C100C48620 /* Build configuration list for PBXNativeTarget "PracticeApp1" */;
			buildPhases = (
				CF64D6782827F9C000C48620 /* Sources */,
				CF64D6792827F9C000C48620 /* Frameworks */,
				CF64D67A2827F9C000C48620 /* Resources */,
			);
			buildRules = (
			);
			dependencies = (
			);
			name = PracticeApp1;
			productName = PracticeApp1;
			productReference = CF64D67C2827F9C000C48620 /* PracticeApp1.app */;
			productType = "com.apple.product-type.application";
		};
		CF64D6912827F9C100C48620 /* PracticeApp1Tests */ = {
			isa = PBXNativeTarget;
			buildConfigurationList = CF64D6A92827F9C100C48620 /* Build configuration list for PBXNativeTarget "PracticeApp1Tests" */;
			buildPhases = (
				CF64D68E2827F9C100C48620 /* Sources */,
				CF64D68F2827F9C100C48620 /* Frameworks */,
				CF64D6902827F9C100C48620 /* Resources */,
			);
			buildRules = (
			);
			dependencies = (
				CF64D6942827F9C100C48620 /* PBXTargetDependency */,
			);
			name = PracticeApp1Tests;
			productName = PracticeApp1Tests;
			productReference = CF64D6922827F9C100C48620 /* PracticeApp1Tests.xctest */;
			productType = "com.apple.product-type.bundle.unit-test";
		};
		CF64D69B2827F9C100C48620 /* PracticeApp1UITests */ = {
			isa = PBXNativeTarget;
			buildConfigurationList = CF64D6AC2827F9C100C48620 /* Build configuration list for PBXNativeTarget "PracticeApp1UITests" */;
			buildPhases = (
				CF64D6982827F9C100C48620 /* Sources */,
				CF64D6992827F9C100C48620 /* Frameworks */,
				CF64D69A2827F9C100C48620 /* Resources */,
			);
			buildRules = (
			);
			dependencies = (
				CF64D69E2827F9C100C48620 /* PBXTargetDependency */,
			);
			name = PracticeApp1UITests;
			productName = PracticeApp1UITests;
			productReference = CF64D69C2827F9C100C48620 /* PracticeApp1UITests.xctest */;
			productType = "com.apple.product-type.bundle.ui-testing";
		};
/* End PBXNativeTarget section */

/* Begin PBXProject section */
		CF64D6742827F9C000C48620 /* Project object */ = {
			isa = PBXProject;
			attributes = {
				BuildIndependentTargetsInParallel = 1;
				LastSwiftUpdateCheck = 1330;
				LastUpgradeCheck = 1330;
				TargetAttributes = {
					CF64D67B2827F9C000C48620 = {
						CreatedOnToolsVersion = 13.3.1;
					};
					CF64D6912827F9C100C48620 = {
						CreatedOnToolsVersion = 13.3.1;
						TestTargetID = CF64D67B2827F9C000C48620;
					};
					CF64D69B2827F9C100C48620 = {
						CreatedOnToolsVersion = 13.3.1;
						TestTargetID = CF64D67B2827F9C000C48620;
					};
				};
			};
			buildConfigurationList = CF64D6772827F9C000C48620 /* Build configuration list for PBXProject "PracticeApp1" */;
			compatibilityVersion = "Xcode 13.0";
			developmentRegion = en;
			hasScannedForEncodings = 0;
			knownRegions = (
				en,
				Base,
			);
			mainGroup = CF64D6732827F9C000C48620;
			productRefGroup = CF64D67D2827F9C000C48620 /* Products */;
			projectDirPath = "";
			projectRoot = "";
			targets = (
				CF64D67B2827F9C000C48620 /* PracticeApp1 */,
				CF64D6912827F9C100C48620 /* PracticeApp1Tests */,
				CF64D69B2827F9C100C48620 /* PracticeApp1UITests */,
			);
		};
/* End PBXProject section */

/* Begin PBXResourcesBuildPhase section */
		CF64D67A2827F9C000C48620 /* Resources */ = {
			isa = PBXResourcesBuildPhase;
			buildActionMask = 2147483647;
			files = (
				CF64D6C228313AE600C48620 /* launchImageView.png in Resources */,
				CF64D6BD2830EC5600C48620 /* quiz2.csv in Resources */,
				CF64D6B8282AB18B00C48620 /* correct.png in Resources */,
				CF64D6B9282AB18B00C48620 /* incorrect.png in Resources */,
				CF64D68C2827F9C100C48620 /* LaunchScreen.storyboard in Resources */,
				CF64D6892827F9C100C48620 /* Assets.xcassets in Resources */,
				CF64D6872827F9C000C48620 /* Main.storyboard in Resources */,
				CF64D6B428295E5A00C48620 /* quiz1.csv in Resources */,
				CF64D6BF2830EC8C00C48620 /* quiz3.csv in Resources */,
			);
			runOnlyForDeploymentPostprocessing = 0;
		};
		CF64D6902827F9C100C48620 /* Resources */ = {
			isa = PBXResourcesBuildPhase;
			buildActionMask = 2147483647;
			files = (
			);
			runOnlyForDeploymentPostprocessing = 0;
		};
		CF64D69A2827F9C100C48620 /* Resources */ = {
			isa = PBXResourcesBuildPhase;
			buildActionMask = 2147483647;
			files = (
			);
			runOnlyForDeploymentPostprocessing = 0;
		};
/* End PBXResourcesBuildPhase section */

/* Begin PBXSourcesBuildPhase section */
		CF64D6782827F9C000C48620 /* Sources */ = {
			isa = PBXSourcesBuildPhase;
			buildActionMask = 2147483647;
			files = (
				CF64D6842827F9C000C48620 /* ViewController.swift in Sources */,
				CF64D6802827F9C000C48620 /* AppDelegate.swift in Sources */,
				CF64D6B228295A5D00C48620 /* ScoreViewController.swift in Sources */,
				CF64D6822827F9C000C48620 /* SceneDelegate.swift in Sources */,
				CF64D6B0282959A000C48620 /* QuizViewController.swift in Sources */,
				CF64D6BB2830E53B00C48620 /* SelectLevelViewController.swift in Sources */,
			);
			runOnlyForDeploymentPostprocessing = 0;
		};
		CF64D68E2827F9C100C48620 /* Sources */ = {
			isa = PBXSourcesBuildPhase;
			buildActionMask = 2147483647;
			files = (
				CF64D6972827F9C100C48620 /* PracticeApp1Tests.swift in Sources */,
			);
			runOnlyForDeploymentPostprocessing = 0;
		};
		CF64D6982827F9C100C48620 /* Sources */ = {
			isa = PBXSourcesBuildPhase;
			buildActionMask = 2147483647;
			files = (
				CF64D6A12827F9C100C48620 /* PracticeApp1UITests.swift in Sources */,
				CF64D6A32827F9C100C48620 /* PracticeApp1UITestsLaunchTests.swift in Sources */,
			);
			runOnlyForDeploymentPostprocessing = 0;
		};
/* End PBXSourcesBuildPhase section */

/* Begin PBXTargetDependency section */
		CF64D6942827F9C100C48620 /* PBXTargetDependency */ = {
			isa = PBXTargetDependency;
			target = CF64D67B2827F9C000C48620 /* PracticeApp1 */;
			targetProxy = CF64D6932827F9C100C48620 /* PBXContainerItemProxy */;
		};
		CF64D69E2827F9C100C48620 /* PBXTargetDependency */ = {
			isa = PBXTargetDependency;
			target = CF64D67B2827F9C000C48620 /* PracticeApp1 */;
			targetProxy = CF64D69D2827F9C100C48620 /* PBXContainerItemProxy */;
		};
/* End PBXTargetDependency section */

/* Begin PBXVariantGroup section */
		CF64D6852827F9C000C48620 /* Main.storyboard */ = {
			isa = PBXVariantGroup;
			children = (
				CF64D6862827F9C000C48620 /* Base */,
			);
			name = Main.storyboard;
			sourceTree = "<group>";
		};
		CF64D68A2827F9C100C48620 /* LaunchScreen.storyboard */ = {
			isa = PBXVariantGroup;
			children = (
				CF64D68B2827F9C100C48620 /* Base */,
			);
			name = LaunchScreen.storyboard;
			sourceTree = "<group>";
		};
/* End PBXVariantGroup section */

/* Begin XCBuildConfiguration section */
		CF64D6A42827F9C100C48620 /* Debug */ = {
			isa = XCBuildConfiguration;
			buildSettings = {
				ALWAYS_SEARCH_USER_PATHS = NO;
				CLANG_ANALYZER_NONNULL = YES;
				CLANG_ANALYZER_NUMBER_OBJECT_CONVERSION = YES_AGGRESSIVE;
				CLANG_CXX_LANGUAGE_STANDARD = "gnu++17";
				CLANG_ENABLE_MODULES = YES;
				CLANG_ENABLE_OBJC_ARC = YES;
				CLANG_ENABLE_OBJC_WEAK = YES;
				CLANG_WARN_BLOCK_CAPTURE_AUTORELEASING = YES;
				CLANG_WARN_BOOL_CONVERSION = YES;
				CLANG_WARN_COMMA = YES;
				CLANG_WARN_CONSTANT_CONVERSION = YES;
				CLANG_WARN_DEPRECATED_OBJC_IMPLEMENTATIONS = YES;
				CLANG_WARN_DIRECT_OBJC_ISA_USAGE = YES_ERROR;
				CLANG_WARN_DOCUMENTATION_COMMENTS = YES;
				CLANG_WARN_EMPTY_BODY = YES;
				CLANG_WARN_ENUM_CONVERSION = YES;
				CLANG_WARN_INFINITE_RECURSION = YES;
				CLANG_WARN_INT_CONVERSION = YES;
				CLANG_WARN_NON_LITERAL_NULL_CONVERSION = YES;
				CLANG_WARN_OBJC_IMPLICIT_RETAIN_SELF = YES;
				CLANG_WARN_OBJC_LITERAL_CONVERSION = YES;
				CLANG_WARN_OBJC_ROOT_CLASS = YES_ERROR;
				CLANG_WARN_QUOTED_INCLUDE_IN_FRAMEWORK_HEADER = YES;
				CLANG_WARN_RANGE_LOOP_ANALYSIS = YES;
				CLANG_WARN_STRICT_PROTOTYPES = YES;
				CLANG_WARN_SUSPICIOUS_MOVE = YES;
				CLANG_WARN_UNGUARDED_AVAILABILITY = YES_AGGRESSIVE;
				CLANG_WARN_UNREACHABLE_CODE = YES;
				CLANG_WARN__DUPLICATE_METHOD_MATCH = YES;
				COPY_PHASE_STRIP = NO;
				DEBUG_INFORMATION_FORMAT = dwarf;
				ENABLE_STRICT_OBJC_MSGSEND = YES;
				ENABLE_TESTABILITY = YES;
				GCC_C_LANGUAGE_STANDARD = gnu11;
				GCC_DYNAMIC_NO_PIC = NO;
				GCC_NO_COMMON_BLOCKS = YES;
				GCC_OPTIMIZATION_LEVEL = 0;
				GCC_PREPROCESSOR_DEFINITIONS = (
					"DEBUG=1",
					"$(inherited)",
				);
				GCC_WARN_64_TO_32_BIT_CONVERSION = YES;
				GCC_WARN_ABOUT_RETURN_TYPE = YES_ERROR;
				GCC_WARN_UNDECLARED_SELECTOR = YES;
				GCC_WARN_UNINITIALIZED_AUTOS = YES_AGGRESSIVE;
				GCC_WARN_UNUSED_FUNCTION = YES;
				GCC_WARN_UNUSED_VARIABLE = YES;
				IPHONEOS_DEPLOYMENT_TARGET = 15.4;
				MTL_ENABLE_DEBUG_INFO = INCLUDE_SOURCE;
				MTL_FAST_MATH = YES;
				ONLY_ACTIVE_ARCH = YES;
				SDKROOT = iphoneos;
				SWIFT_ACTIVE_COMPILATION_CONDITIONS = DEBUG;
				SWIFT_OPTIMIZATION_LEVEL = "-Onone";
			};
			name = Debug;
		};
		CF64D6A52827F9C100C48620 /* Release */ = {
			isa = XCBuildConfiguration;
			buildSettings = {
				ALWAYS_SEARCH_USER_PATHS = NO;
				CLANG_ANALYZER_NONNULL = YES;
				CLANG_ANALYZER_NUMBER_OBJECT_CONVERSION = YES_AGGRESSIVE;
				CLANG_CXX_LANGUAGE_STANDARD = "gnu++17";
				CLANG_ENABLE_MODULES = YES;
				CLANG_ENABLE_OBJC_ARC = YES;
				CLANG_ENABLE_OBJC_WEAK = YES;
				CLANG_WARN_BLOCK_CAPTURE_AUTORELEASING = YES;
				CLANG_WARN_BOOL_CONVERSION = YES;
				CLANG_WARN_COMMA = YES;
				CLANG_WARN_CONSTANT_CONVERSION = YES;
				CLANG_WARN_DEPRECATED_OBJC_IMPLEMENTATIONS = YES;
				CLANG_WARN_DIRECT_OBJC_ISA_USAGE = YES_ERROR;
				CLANG_WARN_DOCUMENTATION_COMMENTS = YES;
				CLANG_WARN_EMPTY_BODY = YES;
				CLANG_WARN_ENUM_CONVERSION = YES;
				CLANG_WARN_INFINITE_RECURSION = YES;
				CLANG_WARN_INT_CONVERSION = YES;
				CLANG_WARN_NON_LITERAL_NULL_CONVERSION = YES;
				CLANG_WARN_OBJC_IMPLICIT_RETAIN_SELF = YES;
				CLANG_WARN_OBJC_LITERAL_CONVERSION = YES;
				CLANG_WARN_OBJC_ROOT_CLASS = YES_ERROR;
				CLANG_WARN_QUOTED_INCLUDE_IN_FRAMEWORK_HEADER = YES;
				CLANG_WARN_RANGE_LOOP_ANALYSIS = YES;
				CLANG_WARN_STRICT_PROTOTYPES = YES;
				CLANG_WARN_SUSPICIOUS_MOVE = YES;
				CLANG_WARN_UNGUARDED_AVAILABILITY = YES_AGGRESSIVE;
				CLANG_WARN_UNREACHABLE_CODE = YES;
				CLANG_WARN__DUPLICATE_METHOD_MATCH = YES;
				COPY_PHASE_STRIP = NO;
				DEBUG_INFORMATION_FORMAT = "dwarf-with-dsym";
				ENABLE_NS_ASSERTIONS = NO;
				ENABLE_STRICT_OBJC_MSGSEND = YES;
				GCC_C_LANGUAGE_STANDARD = gnu11;
				GCC_NO_COMMON_BLOCKS = YES;
				GCC_WARN_64_TO_32_BIT_CONVERSION = YES;
				GCC_WARN_ABOUT_RETURN_TYPE = YES_ERROR;
				GCC_WARN_UNDECLARED_SELECTOR = YES;
				GCC_WARN_UNINITIALIZED_AUTOS = YES_AGGRESSIVE;
				GCC_WARN_UNUSED_FUNCTION = YES;
				GCC_WARN_UNUSED_VARIABLE = YES;
				IPHONEOS_DEPLOYMENT_TARGET = 15.4;
				MTL_ENABLE_DEBUG_INFO = NO;
				MTL_FAST_MATH = YES;
				SDKROOT = iphoneos;
				SWIFT_COMPILATION_MODE = wholemodule;
				SWIFT_OPTIMIZATION_LEVEL = "-O";
				VALIDATE_PRODUCT = YES;
			};
			name = Release;
		};
		CF64D6A72827F9C100C48620 /* Debug */ = {
			isa = XCBuildConfiguration;
			buildSettings = {
				ASSETCATALOG_COMPILER_APPICON_NAME = AppIcon;
				ASSETCATALOG_COMPILER_GLOBAL_ACCENT_COLOR_NAME = AccentColor;
				CODE_SIGN_IDENTITY = "Apple Development";
				CODE_SIGN_STYLE = Automatic;
				CURRENT_PROJECT_VERSION = 1;
				DEVELOPMENT_TEAM = G4AF32G28S;
				GENERATE_INFOPLIST_FILE = YES;
				INFOPLIST_FILE = PracticeApp1/Info.plist;
				INFOPLIST_KEY_CFBundleDisplayName = "簡単クイズ";
				INFOPLIST_KEY_UIApplicationSupportsIndirectInputEvents = YES;
				INFOPLIST_KEY_UILaunchStoryboardName = LaunchScreen;
				INFOPLIST_KEY_UIMainStoryboardFile = Main;
				INFOPLIST_KEY_UISupportedInterfaceOrientations = UIInterfaceOrientationPortrait;
				INFOPLIST_KEY_UISupportedInterfaceOrientations_iPad = "UIInterfaceOrientationPortrait UIInterfaceOrientationPortraitUpsideDown UIInterfaceOrientationLandscapeLeft UIInterfaceOrientationLandscapeRight";
				INFOPLIST_KEY_UISupportedInterfaceOrientations_iPhone = UIInterfaceOrientationPortrait;
				INFOPLIST_KEY_UIUserInterfaceStyle = Light;
				LD_RUNPATH_SEARCH_PATHS = (
					"$(inherited)",
					"@executable_path/Frameworks",
				);
				MARKETING_VERSION = 1.0;
				PRODUCT_BUNDLE_IDENTIFIER = com.hamaguchi.PracticeApp120220519;
				PRODUCT_NAME = "$(TARGET_NAME)";
				PROVISIONING_PROFILE_SPECIFIER = "";
				SWIFT_EMIT_LOC_STRINGS = YES;
				SWIFT_VERSION = 5.0;
				TARGETED_DEVICE_FAMILY = 1;
			};
			name = Debug;
		};
		CF64D6A82827F9C100C48620 /* Release */ = {
			isa = XCBuildConfiguration;
			buildSettings = {
				ASSETCATALOG_COMPILER_APPICON_NAME = AppIcon;
				ASSETCATALOG_COMPILER_GLOBAL_ACCENT_COLOR_NAME = AccentColor;
				CODE_SIGN_IDENTITY = "Apple Development";
				CODE_SIGN_STYLE = Automatic;
				CURRENT_PROJECT_VERSION = 1;
				DEVELOPMENT_TEAM = G4AF32G28S;
				GENERATE_INFOPLIST_FILE = YES;
				INFOPLIST_FILE = PracticeApp1/Info.plist;
				INFOPLIST_KEY_CFBundleDisplayName = "簡単クイズ";
				INFOPLIST_KEY_UIApplicationSupportsIndirectInputEvents = YES;
				INFOPLIST_KEY_UILaunchStoryboardName = LaunchScreen;
				INFOPLIST_KEY_UIMainStoryboardFile = Main;
				INFOPLIST_KEY_UISupportedInterfaceOrientations = UIInterfaceOrientationPortrait;
				INFOPLIST_KEY_UISupportedInterfaceOrientations_iPad = "UIInterfaceOrientationPortrait UIInterfaceOrientationPortraitUpsideDown UIInterfaceOrientationLandscapeLeft UIInterfaceOrientationLandscapeRight";
				INFOPLIST_KEY_UISupportedInterfaceOrientations_iPhone = UIInterfaceOrientationPortrait;
				INFOPLIST_KEY_UIUserInterfaceStyle = Light;
				LD_RUNPATH_SEARCH_PATHS = (
					"$(inherited)",
					"@executable_path/Frameworks",
				);
				MARKETING_VERSION = 1.0;
				PRODUCT_BUNDLE_IDENTIFIER = com.hamaguchi.PracticeApp120220519;
				PRODUCT_NAME = "$(TARGET_NAME)";
				PROVISIONING_PROFILE_SPECIFIER = "";
				SWIFT_EMIT_LOC_STRINGS = YES;
				SWIFT_VERSION = 5.0;
				TARGETED_DEVICE_FAMILY = 1;
			};
			name = Release;
		};
		CF64D6AA2827F9C100C48620 /* Debug */ = {
			isa = XCBuildConfiguration;
			buildSettings = {
				ALWAYS_EMBED_SWIFT_STANDARD_LIBRARIES = YES;
				BUNDLE_LOADER = "$(TEST_HOST)";
				"CODE_SIGN_IDENTITY[sdk=macosx*]" = "Apple Development";
				CODE_SIGN_STYLE = Automatic;
				CURRENT_PROJECT_VERSION = 1;
				DEVELOPMENT_TEAM = G4AF32G28S;
				GENERATE_INFOPLIST_FILE = YES;
				IPHONEOS_DEPLOYMENT_TARGET = 15.4;
				MARKETING_VERSION = 1.0;
				PRODUCT_BUNDLE_IDENTIFIER = com.hamaguchi.PracticeApp1Tests;
				PRODUCT_NAME = "$(TARGET_NAME)";
				SWIFT_EMIT_LOC_STRINGS = NO;
				SWIFT_VERSION = 5.0;
				TARGETED_DEVICE_FAMILY = "1,2";
				TEST_HOST = "$(BUILT_PRODUCTS_DIR)/PracticeApp1.app/PracticeApp1";
			};
			name = Debug;
		};
		CF64D6AB2827F9C100C48620 /* Release */ = {
			isa = XCBuildConfiguration;
			buildSettings = {
				ALWAYS_EMBED_SWIFT_STANDARD_LIBRARIES = YES;
				BUNDLE_LOADER = "$(TEST_HOST)";
				"CODE_SIGN_IDENTITY[sdk=macosx*]" = "Apple Development";
				CODE_SIGN_STYLE = Automatic;
				CURRENT_PROJECT_VERSION = 1;
				DEVELOPMENT_TEAM = G4AF32G28S;
				GENERATE_INFOPLIST_FILE = YES;
				IPHONEOS_DEPLOYMENT_TARGET = 15.4;
				MARKETING_VERSION = 1.0;
				PRODUCT_BUNDLE_IDENTIFIER = com.hamaguchi.PracticeApp1Tests;
				PRODUCT_NAME = "$(TARGET_NAME)";
				SWIFT_EMIT_LOC_STRINGS = NO;
				SWIFT_VERSION = 5.0;
				TARGETED_DEVICE_FAMILY = "1,2";
				TEST_HOST = "$(BUILT_PRODUCTS_DIR)/PracticeApp1.app/PracticeApp1";
			};
			name = Release;
		};
		CF64D6AD2827F9C100C48620 /* Debug */ = {
			isa = XCBuildConfiguration;
			buildSettings = {
				ALWAYS_EMBED_SWIFT_STANDARD_LIBRARIES = YES;
				"CODE_SIGN_IDENTITY[sdk=macosx*]" = "Apple Development";
				CODE_SIGN_STYLE = Automatic;
				CURRENT_PROJECT_VERSION = 1;
				DEVELOPMENT_TEAM = G4AF32G28S;
				GENERATE_INFOPLIST_FILE = YES;
				MARKETING_VERSION = 1.0;
				PRODUCT_BUNDLE_IDENTIFIER = com.hamaguchi.PracticeApp1UITests;
				PRODUCT_NAME = "$(TARGET_NAME)";
				SWIFT_EMIT_LOC_STRINGS = NO;
				SWIFT_VERSION = 5.0;
				TARGETED_DEVICE_FAMILY = "1,2";
				TEST_TARGET_NAME = PracticeApp1;
			};
			name = Debug;
		};
		CF64D6AE2827F9C100C48620 /* Release */ = {
			isa = XCBuildConfiguration;
			buildSettings = {
				ALWAYS_EMBED_SWIFT_STANDARD_LIBRARIES = YES;
				"CODE_SIGN_IDENTITY[sdk=macosx*]" = "Apple Development";
				CODE_SIGN_STYLE = Automatic;
				CURRENT_PROJECT_VERSION = 1;
				DEVELOPMENT_TEAM = G4AF32G28S;
				GENERATE_INFOPLIST_FILE = YES;
				MARKETING_VERSION = 1.0;
				PRODUCT_BUNDLE_IDENTIFIER = com.hamaguchi.PracticeApp1UITests;
				PRODUCT_NAME = "$(TARGET_NAME)";
				SWIFT_EMIT_LOC_STRINGS = NO;
				SWIFT_VERSION = 5.0;
				TARGETED_DEVICE_FAMILY = "1,2";
				TEST_TARGET_NAME = PracticeApp1;
			};
			name = Release;
		};
/* End XCBuildConfiguration section */

/* Begin XCConfigurationList section */
		CF64D6772827F9C000C48620 /* Build configuration list for PBXProject "PracticeApp1" */ = {
			isa = XCConfigurationList;
			buildConfigurations = (
				CF64D6A42827F9C100C48620 /* Debug */,
				CF64D6A52827F9C100C48620 /* Release */,
			);
			defaultConfigurationIsVisible = 0;
			defaultConfigurationName = Release;
		};
		CF64D6A62827F9C100C48620 /* Build configuration list for PBXNativeTarget "PracticeApp1" */ = {
			isa = XCConfigurationList;
			buildConfigurations = (
				CF64D6A72827F9C100C48620 /* Debug */,
				CF64D6A82827F9C100C48620 /* Release */,
			);
			defaultConfigurationIsVisible = 0;
			defaultConfigurationName = Release;
		};
		CF64D6A92827F9C100C48620 /* Build configuration list for PBXNativeTarget "PracticeApp1Tests" */ = {
			isa = XCConfigurationList;
			buildConfigurations = (
				CF64D6AA2827F9C100C48620 /* Debug */,
				CF64D6AB2827F9C100C48620 /* Release */,
			);
			defaultConfigurationIsVisible = 0;
			defaultConfigurationName = Release;
		};
		CF64D6AC2827F9C100C48620 /* Build configuration list for PBXNativeTarget "PracticeApp1UITests" */ = {
			isa = XCConfigurationList;
			buildConfigurations = (
				CF64D6AD2827F9C100C48620 /* Debug */,
				CF64D6AE2827F9C100C48620 /* Release */,
			);
			defaultConfigurationIsVisible = 0;
			defaultConfigurationName = Release;
		};
/* End XCConfigurationList section */
	};
	rootObject = CF64D6742827F9C000C48620 /* Project object */;
}
